
Microsoft Visual Studio Solution File, Format Version 12.00
# Visual Studio 15
VisualStudioVersion = 15.0.28307.1622
MinimumVisualStudioVersion = 10.0.40219.1
Project("{8BC9CEB8-8B4A-11D0-8D11-00A0C91BC942}") = "uriel-numeric", "uriel-numeric\uriel-numeric.vcxproj", "{049D3D8C-A492-4A18-BEFC-69F4E8CF6F6C}"
EndProject
Project("{8BC9CEB8-8B4A-11D0-8D11-00A0C91BC942}") = "cardiac-cell-solver", "cardiac-cell-solver\cardiac-cell-solver.vcxproj", "{770B7936-03DA-448A-A475-07065319B738}"
	ProjectSection(ProjectDependencies) = postProject
		{049D3D8C-A492-4A18-BEFC-69F4E8CF6F6C} = {049D3D8C-A492-4A18-BEFC-69F4E8CF6F6C}
	EndProjectSection
EndProject
Global
	GlobalSection(SolutionConfigurationPlatforms) = preSolution
		Debug|x64 = Debug|x64
		Debug|x86 = Debug|x86
		Release|x64 = Release|x64
		Release|x86 = Release|x86
	EndGlobalSection
	GlobalSection(ProjectConfigurationPlatforms) = postSolution
		{049D3D8C-A492-4A18-BEFC-69F4E8CF6F6C}.Debug|x64.ActiveCfg = Debug|x64
		{049D3D8C-A492-4A18-BEFC-69F4E8CF6F6C}.Debug|x64.Build.0 = Debug|x64
		{049D3D8C-A492-4A18-BEFC-69F4E8CF6F6C}.Debug|x86.ActiveCfg = Debug|Win32
		{049D3D8C-A492-4A18-BEFC-69F4E8CF6F6C}.Debug|x86.Build.0 = Debug|Win32
		{049D3D8C-A492-4A18-BEFC-69F4E8CF6F6C}.Release|x64.ActiveCfg = Release|x64
		{049D3D8C-A492-4A18-BEFC-69F4E8CF6F6C}.Release|x64.Build.0 = Release|x64
		{049D3D8C-A492-4A18-BEFC-69F4E8CF6F6C}.Release|x86.ActiveCfg = Release|Win32
		{049D3D8C-A492-4A18-BEFC-69F4E8CF6F6C}.Release|x86.Build.0 = Release|Win32
		{770B7936-03DA-448A-A475-07065319B738}.Debug|x64.ActiveCfg = Debug|x64
		{770B7936-03DA-448A-A475-07065319B738}.Debug|x64.Build.0 = Debug|x64
		{770B7936-03DA-448A-A475-07065319B738}.Debug|x86.ActiveCfg = Debug|Win32
		{770B7936-03DA-448A-A475-07065319B738}.Debug|x86.Build.0 = Debug|Win32
		{770B7936-03DA-448A-A475-07065319B738}.Release|x64.ActiveCfg = Release|x64
		{770B7936-03DA-448A-A475-07065319B738}.Release|x64.Build.0 = Release|x64
		{770B7936-03DA-448A-A475-07065319B738}.Release|x86.ActiveCfg = Release|Win32
		{770B7936-03DA-448A-A475-07065319B738}.Release|x86.Build.0 = Release|Win32
	EndGlobalSection
	GlobalSection(SolutionProperties) = preSolution
		HideSolutionNode = FALSE
	EndGlobalSection
	GlobalSection(ExtensibilityGlobals) = postSolution
		SolutionGuid = {F5B423F8-F23E-4F31-AC0B-0D428A39E3CE}
	EndGlobalSection
EndGlobal
